// !$*UTF8*$!
{
	archiveVersion = 1;
	classes = {
	};
	objectVersion = 55;
	objects = {

/* Begin PBXBuildFile section */
		195657B328CDAC2300FF4207 /* AppDelegate.swift in Sources */ = {isa = PBXBuildFile; fileRef = 195657B228CDAC2300FF4207 /* AppDelegate.swift */; };
		195657B528CDAC2300FF4207 /* SceneDelegate.swift in Sources */ = {isa = PBXBuildFile; fileRef = 195657B428CDAC2300FF4207 /* SceneDelegate.swift */; };
		195657BA28CDAC2300FF4207 /* Main.storyboard in Resources */ = {isa = PBXBuildFile; fileRef = 195657B828CDAC2300FF4207 /* Main.storyboard */; };
		195657BC28CDAC2500FF4207 /* Assets.xcassets in Resources */ = {isa = PBXBuildFile; fileRef = 195657BB28CDAC2500FF4207 /* Assets.xcassets */; };
		195657BF28CDAC2500FF4207 /* LaunchScreen.storyboard in Resources */ = {isa = PBXBuildFile; fileRef = 195657BD28CDAC2500FF4207 /* LaunchScreen.storyboard */; };
		195657C728CDAFA400FF4207 /* MainViewController.swift in Sources */ = {isa = PBXBuildFile; fileRef = 195657C628CDAFA400FF4207 /* MainViewController.swift */; };
		195657C928CDBEF400FF4207 /* MainCollectionViewCell.swift in Sources */ = {isa = PBXBuildFile; fileRef = 195657C828CDBEF400FF4207 /* MainCollectionViewCell.swift */; };
		195657D228CDC7FB00FF4207 /* UserDefaultsManager.swift in Sources */ = {isa = PBXBuildFile; fileRef = 195657D128CDC7FB00FF4207 /* UserDefaultsManager.swift */; };
		195657D428CDC88E00FF4207 /* Family.swift in Sources */ = {isa = PBXBuildFile; fileRef = 195657D328CDC88E00FF4207 /* Family.swift */; };
		195657D628CDCB1100FF4207 /* FamifyTableViewController.swift in Sources */ = {isa = PBXBuildFile; fileRef = 195657D528CDCB1100FF4207 /* FamifyTableViewController.swift */; };
		195657D828CDCE2F00FF4207 /* NewFamilyMemberViewController.swift in Sources */ = {isa = PBXBuildFile; fileRef = 195657D728CDCE2F00FF4207 /* NewFamilyMemberViewController.swift */; };
		195657E028CDD5DC00FF4207 /* Extansion + TableViewCell.swift in Sources */ = {isa = PBXBuildFile; fileRef = 195657DF28CDD5DC00FF4207 /* Extansion + TableViewCell.swift */; };
		195657E428CEDA0D00FF4207 /* AlertController.swift in Sources */ = {isa = PBXBuildFile; fileRef = 195657E328CEDA0D00FF4207 /* AlertController.swift */; };
		195657E728CEDAB900FF4207 /* TaskLiskCoreData.xcdatamodeld in Sources */ = {isa = PBXBuildFile; fileRef = 195657E528CEDAB900FF4207 /* TaskLiskCoreData.xcdatamodeld */; };
		195657E928CEDB3F00FF4207 /* CoreDataManager.swift in Sources */ = {isa = PBXBuildFile; fileRef = 195657E828CEDB3F00FF4207 /* CoreDataManager.swift */; };
		195657EB28CF4C5A00FF4207 /* TaskListTableViewController.swift in Sources */ = {isa = PBXBuildFile; fileRef = 195657EA28CF4C5A00FF4207 /* TaskListTableViewController.swift */; };
/* End PBXBuildFile section */

/* Begin PBXFileReference section */
		195657AF28CDAC2300FF4207 /* DataStorage.app */ = {isa = PBXFileReference; explicitFileType = wrapper.application; includeInIndex = 0; path = DataStorage.app; sourceTree = BUILT_PRODUCTS_DIR; };
		195657B228CDAC2300FF4207 /* AppDelegate.swift */ = {isa = PBXFileReference; lastKnownFileType = sourcecode.swift; path = AppDelegate.swift; sourceTree = "<group>"; };
		195657B428CDAC2300FF4207 /* SceneDelegate.swift */ = {isa = PBXFileReference; lastKnownFileType = sourcecode.swift; path = SceneDelegate.swift; sourceTree = "<group>"; };
		195657B928CDAC2300FF4207 /* Base */ = {isa = PBXFileReference; lastKnownFileType = file.storyboard; name = Base; path = Base.lproj/Main.storyboard; sourceTree = "<group>"; };
		195657BB28CDAC2500FF4207 /* Assets.xcassets */ = {isa = PBXFileReference; lastKnownFileType = folder.assetcatalog; path = Assets.xcassets; sourceTree = "<group>"; };
		195657BE28CDAC2500FF4207 /* Base */ = {isa = PBXFileReference; lastKnownFileType = file.storyboard; name = Base; path = Base.lproj/LaunchScreen.storyboard; sourceTree = "<group>"; };
		195657C028CDAC2500FF4207 /* Info.plist */ = {isa = PBXFileReference; lastKnownFileType = text.plist.xml; path = Info.plist; sourceTree = "<group>"; };
		195657C628CDAFA400FF4207 /* MainViewController.swift */ = {isa = PBXFileReference; lastKnownFileType = sourcecode.swift; path = MainViewController.swift; sourceTree = "<group>"; };
		195657C828CDBEF400FF4207 /* MainCollectionViewCell.swift */ = {isa = PBXFileReference; lastKnownFileType = sourcecode.swift; path = MainCollectionViewCell.swift; sourceTree = "<group>"; };
		195657D128CDC7FB00FF4207 /* UserDefaultsManager.swift */ = {isa = PBXFileReference; lastKnownFileType = sourcecode.swift; path = UserDefaultsManager.swift; sourceTree = "<group>"; };
		195657D328CDC88E00FF4207 /* Family.swift */ = {isa = PBXFileReference; lastKnownFileType = sourcecode.swift; path = Family.swift; sourceTree = "<group>"; };
		195657D528CDCB1100FF4207 /* FamifyTableViewController.swift */ = {isa = PBXFileReference; lastKnownFileType = sourcecode.swift; path = FamifyTableViewController.swift; sourceTree = "<group>"; };
		195657D728CDCE2F00FF4207 /* NewFamilyMemberViewController.swift */ = {isa = PBXFileReference; lastKnownFileType = sourcecode.swift; path = NewFamilyMemberViewController.swift; sourceTree = "<group>"; };
		195657DF28CDD5DC00FF4207 /* Extansion + TableViewCell.swift */ = {isa = PBXFileReference; lastKnownFileType = sourcecode.swift; name = "Extansion + TableViewCell.swift"; path = "DataStorage/ViewControllers/Extansion + TableViewCell.swift"; sourceTree = SOURCE_ROOT; };
		195657E328CEDA0D00FF4207 /* AlertController.swift */ = {isa = PBXFileReference; lastKnownFileType = sourcecode.swift; path = AlertController.swift; sourceTree = "<group>"; };
		195657E628CEDAB900FF4207 /* TaskLiskCoreData.xcdatamodel */ = {isa = PBXFileReference; lastKnownFileType = wrapper.xcdatamodel; path = TaskLiskCoreData.xcdatamodel; sourceTree = "<group>"; };
		195657E828CEDB3F00FF4207 /* CoreDataManager.swift */ = {isa = PBXFileReference; lastKnownFileType = sourcecode.swift; path = CoreDataManager.swift; sourceTree = "<group>"; };
		195657EA28CF4C5A00FF4207 /* TaskListTableViewController.swift */ = {isa = PBXFileReference; lastKnownFileType = sourcecode.swift; path = TaskListTableViewController.swift; sourceTree = "<group>"; };
/* End PBXFileReference section */

/* Begin PBXFrameworksBuildPhase section */
		195657AC28CDAC2300FF4207 /* Frameworks */ = {
			isa = PBXFrameworksBuildPhase;
			buildActionMask = 2147483647;
			files = (
			);
			runOnlyForDeploymentPostprocessing = 0;
		};
/* End PBXFrameworksBuildPhase section */

/* Begin PBXGroup section */
		195657A628CDAC2300FF4207 = {
			isa = PBXGroup;
			children = (
				195657B128CDAC2300FF4207 /* DataStorage */,
				195657E528CEDAB900FF4207 /* TaskLiskCoreData.xcdatamodeld */,
				195657B028CDAC2300FF4207 /* Products */,
			);
			sourceTree = "<group>";
		};
		195657B028CDAC2300FF4207 /* Products */ = {
			isa = PBXGroup;
			children = (
				195657AF28CDAC2300FF4207 /* DataStorage.app */,
			);
			name = Products;
			sourceTree = "<group>";
		};
		195657B128CDAC2300FF4207 /* DataStorage */ = {
			isa = PBXGroup;
			children = (
				195657D028CDC66A00FF4207 /* App */,
				195657CF28CDC65800FF4207 /* Storyboard */,
				195657CD28CDC63F00FF4207 /* ViewControllers */,
				195657CC28CDC61C00FF4207 /* Resources */,
				195657CB28CDC60B00FF4207 /* Model */,
				195657CA28CDC5F100FF4207 /* Services */,
			);
			path = DataStorage;
			sourceTree = "<group>";
		};
		195657CA28CDC5F100FF4207 /* Services */ = {
			isa = PBXGroup;
			children = (
				195657D128CDC7FB00FF4207 /* UserDefaultsManager.swift */,
				195657E828CEDB3F00FF4207 /* CoreDataManager.swift */,
			);
			path = Services;
			sourceTree = "<group>";
		};
		195657CB28CDC60B00FF4207 /* Model */ = {
			isa = PBXGroup;
			children = (
				195657D328CDC88E00FF4207 /* Family.swift */,
			);
			path = Model;
			sourceTree = "<group>";
		};
		195657CC28CDC61C00FF4207 /* Resources */ = {
			isa = PBXGroup;
			children = (
				195657BB28CDAC2500FF4207 /* Assets.xcassets */,
			);
			path = Resources;
			sourceTree = "<group>";
		};
		195657CD28CDC63F00FF4207 /* ViewControllers */ = {
			isa = PBXGroup;
			children = (
				195657CE28CDC64B00FF4207 /* Cell */,
				195657DE28CDD58400FF4207 /* Extension */,
				195657C628CDAFA400FF4207 /* MainViewController.swift */,
				195657D528CDCB1100FF4207 /* FamifyTableViewController.swift */,
				195657D728CDCE2F00FF4207 /* NewFamilyMemberViewController.swift */,
				195657EA28CF4C5A00FF4207 /* TaskListTableViewController.swift */,
			);
			path = ViewControllers;
			sourceTree = "<group>";
		};
		195657CE28CDC64B00FF4207 /* Cell */ = {
			isa = PBXGroup;
			children = (
				195657C828CDBEF400FF4207 /* MainCollectionViewCell.swift */,
			);
			path = Cell;
			sourceTree = "<group>";
		};
		195657CF28CDC65800FF4207 /* Storyboard */ = {
			isa = PBXGroup;
			children = (
				195657B828CDAC2300FF4207 /* Main.storyboard */,
				195657BD28CDAC2500FF4207 /* LaunchScreen.storyboard */,
			);
			path = Storyboard;
			sourceTree = "<group>";
		};
		195657D028CDC66A00FF4207 /* App */ = {
			isa = PBXGroup;
			children = (
				195657B428CDAC2300FF4207 /* SceneDelegate.swift */,
				195657B228CDAC2300FF4207 /* AppDelegate.swift */,
				195657C028CDAC2500FF4207 /* Info.plist */,
			);
			path = App;
			sourceTree = "<group>";
		};
		195657DE28CDD58400FF4207 /* Extension */ = {
			isa = PBXGroup;
			children = (
				195657DF28CDD5DC00FF4207 /* Extansion + TableViewCell.swift */,
				195657E328CEDA0D00FF4207 /* AlertController.swift */,
			);
			path = Extension;
			sourceTree = "<group>";
		};
/* End PBXGroup section */

/* Begin PBXNativeTarget section */
		195657AE28CDAC2300FF4207 /* DataStorage */ = {
			isa = PBXNativeTarget;
			buildConfigurationList = 195657C328CDAC2500FF4207 /* Build configuration list for PBXNativeTarget "DataStorage" */;
			buildPhases = (
				195657AB28CDAC2300FF4207 /* Sources */,
				195657AC28CDAC2300FF4207 /* Frameworks */,
				195657AD28CDAC2300FF4207 /* Resources */,
			);
			buildRules = (
			);
			dependencies = (
			);
			name = DataStorage;
			productName = DataStorage;
			productReference = 195657AF28CDAC2300FF4207 /* DataStorage.app */;
			productType = "com.apple.product-type.application";
		};
/* End PBXNativeTarget section */

/* Begin PBXProject section */
		195657A728CDAC2300FF4207 /* Project object */ = {
			isa = PBXProject;
			attributes = {
				BuildIndependentTargetsInParallel = 1;
				LastSwiftUpdateCheck = 1340;
				LastUpgradeCheck = 1340;
				TargetAttributes = {
					195657AE28CDAC2300FF4207 = {
						CreatedOnToolsVersion = 13.4.1;
					};
				};
			};
			buildConfigurationList = 195657AA28CDAC2300FF4207 /* Build configuration list for PBXProject "DataStorage" */;
			compatibilityVersion = "Xcode 13.0";
			developmentRegion = en;
			hasScannedForEncodings = 0;
			knownRegions = (
				en,
				Base,
			);
			mainGroup = 195657A628CDAC2300FF4207;
			productRefGroup = 195657B028CDAC2300FF4207 /* Products */;
			projectDirPath = "";
			projectRoot = "";
			targets = (
				195657AE28CDAC2300FF4207 /* DataStorage */,
			);
		};
/* End PBXProject section */

/* Begin PBXResourcesBuildPhase section */
		195657AD28CDAC2300FF4207 /* Resources */ = {
			isa = PBXResourcesBuildPhase;
			buildActionMask = 2147483647;
			files = (
				195657BF28CDAC2500FF4207 /* LaunchScreen.storyboard in Resources */,
				195657BC28CDAC2500FF4207 /* Assets.xcassets in Resources */,
				195657BA28CDAC2300FF4207 /* Main.storyboard in Resources */,
			);
			runOnlyForDeploymentPostprocessing = 0;
		};
/* End PBXResourcesBuildPhase section */

/* Begin PBXSourcesBuildPhase section */
		195657AB28CDAC2300FF4207 /* Sources */ = {
			isa = PBXSourcesBuildPhase;
			buildActionMask = 2147483647;
			files = (
				195657D428CDC88E00FF4207 /* Family.swift in Sources */,
				195657EB28CF4C5A00FF4207 /* TaskListTableViewController.swift in Sources */,
				195657D828CDCE2F00FF4207 /* NewFamilyMemberViewController.swift in Sources */,
				195657D628CDCB1100FF4207 /* FamifyTableViewController.swift in Sources */,
				195657C728CDAFA400FF4207 /* MainViewController.swift in Sources */,
				195657E028CDD5DC00FF4207 /* Extansion + TableViewCell.swift in Sources */,
				195657D228CDC7FB00FF4207 /* UserDefaultsManager.swift in Sources */,
				195657E928CEDB3F00FF4207 /* CoreDataManager.swift in Sources */,
				195657E728CEDAB900FF4207 /* TaskLiskCoreData.xcdatamodeld in Sources */,
				195657E428CEDA0D00FF4207 /* AlertController.swift in Sources */,
				195657B328CDAC2300FF4207 /* AppDelegate.swift in Sources */,
				195657B528CDAC2300FF4207 /* SceneDelegate.swift in Sources */,
				195657C928CDBEF400FF4207 /* MainCollectionViewCell.swift in Sources */,
			);
			runOnlyForDeploymentPostprocessing = 0;
		};
/* End PBXSourcesBuildPhase section */

/* Begin PBXVariantGroup section */
		195657B828CDAC2300FF4207 /* Main.storyboard */ = {
			isa = PBXVariantGroup;
			children = (
				195657B928CDAC2300FF4207 /* Base */,
			);
			name = Main.storyboard;
			sourceTree = "<group>";
		};
		195657BD28CDAC2500FF4207 /* LaunchScreen.storyboard */ = {
			isa = PBXVariantGroup;
			children = (
				195657BE28CDAC2500FF4207 /* Base */,
			);
			name = LaunchScreen.storyboard;
			sourceTree = "<group>";
		};
/* End PBXVariantGroup section */

/* Begin XCBuildConfiguration section */
		195657C128CDAC2500FF4207 /* Debug */ = {
			isa = XCBuildConfiguration;
			buildSettings = {
				ALWAYS_SEARCH_USER_PATHS = NO;
				CLANG_ANALYZER_NONNULL = YES;
				CLANG_ANALYZER_NUMBER_OBJECT_CONVERSION = YES_AGGRESSIVE;
				CLANG_CXX_LANGUAGE_STANDARD = "gnu++17";
				CLANG_ENABLE_MODULES = YES;
				CLANG_ENABLE_OBJC_ARC = YES;
				CLANG_ENABLE_OBJC_WEAK = YES;
				CLANG_WARN_BLOCK_CAPTURE_AUTORELEASING = YES;
				CLANG_WARN_BOOL_CONVERSION = YES;
				CLANG_WARN_COMMA = YES;
				CLANG_WARN_CONSTANT_CONVERSION = YES;
				CLANG_WARN_DEPRECATED_OBJC_IMPLEMENTATIONS = YES;
				CLANG_WARN_DIRECT_OBJC_ISA_USAGE = YES_ERROR;
				CLANG_WARN_DOCUMENTATION_COMMENTS = YES;
				CLANG_WARN_EMPTY_BODY = YES;
				CLANG_WARN_ENUM_CONVERSION = YES;
				CLANG_WARN_INFINITE_RECURSION = YES;
				CLANG_WARN_INT_CONVERSION = YES;
				CLANG_WARN_NON_LITERAL_NULL_CONVERSION = YES;
				CLANG_WARN_OBJC_IMPLICIT_RETAIN_SELF = YES;
				CLANG_WARN_OBJC_LITERAL_CONVERSION = YES;
				CLANG_WARN_OBJC_ROOT_CLASS = YES_ERROR;
				CLANG_WARN_QUOTED_INCLUDE_IN_FRAMEWORK_HEADER = YES;
				CLANG_WARN_RANGE_LOOP_ANALYSIS = YES;
				CLANG_WARN_STRICT_PROTOTYPES = YES;
				CLANG_WARN_SUSPICIOUS_MOVE = YES;
				CLANG_WARN_UNGUARDED_AVAILABILITY = YES_AGGRESSIVE;
				CLANG_WARN_UNREACHABLE_CODE = YES;
				CLANG_WARN__DUPLICATE_METHOD_MATCH = YES;
				COPY_PHASE_STRIP = NO;
				DEBUG_INFORMATION_FORMAT = dwarf;
				ENABLE_STRICT_OBJC_MSGSEND = YES;
				ENABLE_TESTABILITY = YES;
				GCC_C_LANGUAGE_STANDARD = gnu11;
				GCC_DYNAMIC_NO_PIC = NO;
				GCC_NO_COMMON_BLOCKS = YES;
				GCC_OPTIMIZATION_LEVEL = 0;
				GCC_PREPROCESSOR_DEFINITIONS = (
					"DEBUG=1",
					"$(inherited)",
				);
				GCC_WARN_64_TO_32_BIT_CONVERSION = YES;
				GCC_WARN_ABOUT_RETURN_TYPE = YES_ERROR;
				GCC_WARN_UNDECLARED_SELECTOR = YES;
				GCC_WARN_UNINITIALIZED_AUTOS = YES_AGGRESSIVE;
				GCC_WARN_UNUSED_FUNCTION = YES;
				GCC_WARN_UNUSED_VARIABLE = YES;
				IPHONEOS_DEPLOYMENT_TARGET = 15.5;
				MTL_ENABLE_DEBUG_INFO = INCLUDE_SOURCE;
				MTL_FAST_MATH = YES;
				ONLY_ACTIVE_ARCH = YES;
				SDKROOT = iphoneos;
				SWIFT_ACTIVE_COMPILATION_CONDITIONS = DEBUG;
				SWIFT_OPTIMIZATION_LEVEL = "-Onone";
			};
			name = Debug;
		};
		195657C228CDAC2500FF4207 /* Release */ = {
			isa = XCBuildConfiguration;
			buildSettings = {
				ALWAYS_SEARCH_USER_PATHS = NO;
				CLANG_ANALYZER_NONNULL = YES;
				CLANG_ANALYZER_NUMBER_OBJECT_CONVERSION = YES_AGGRESSIVE;
				CLANG_CXX_LANGUAGE_STANDARD = "gnu++17";
				CLANG_ENABLE_MODULES = YES;
				CLANG_ENABLE_OBJC_ARC = YES;
				CLANG_ENABLE_OBJC_WEAK = YES;
				CLANG_WARN_BLOCK_CAPTURE_AUTORELEASING = YES;
				CLANG_WARN_BOOL_CONVERSION = YES;
				CLANG_WARN_COMMA = YES;
				CLANG_WARN_CONSTANT_CONVERSION = YES;
				CLANG_WARN_DEPRECATED_OBJC_IMPLEMENTATIONS = YES;
				CLANG_WARN_DIRECT_OBJC_ISA_USAGE = YES_ERROR;
				CLANG_WARN_DOCUMENTATION_COMMENTS = YES;
				CLANG_WARN_EMPTY_BODY = YES;
				CLANG_WARN_ENUM_CONVERSION = YES;
				CLANG_WARN_INFINITE_RECURSION = YES;
				CLANG_WARN_INT_CONVERSION = YES;
				CLANG_WARN_NON_LITERAL_NULL_CONVERSION = YES;
				CLANG_WARN_OBJC_IMPLICIT_RETAIN_SELF = YES;
				CLANG_WARN_OBJC_LITERAL_CONVERSION = YES;
				CLANG_WARN_OBJC_ROOT_CLASS = YES_ERROR;
				CLANG_WARN_QUOTED_INCLUDE_IN_FRAMEWORK_HEADER = YES;
				CLANG_WARN_RANGE_LOOP_ANALYSIS = YES;
				CLANG_WARN_STRICT_PROTOTYPES = YES;
				CLANG_WARN_SUSPICIOUS_MOVE = YES;
				CLANG_WARN_UNGUARDED_AVAILABILITY = YES_AGGRESSIVE;
				CLANG_WARN_UNREACHABLE_CODE = YES;
				CLANG_WARN__DUPLICATE_METHOD_MATCH = YES;
				COPY_PHASE_STRIP = NO;
				DEBUG_INFORMATION_FORMAT = "dwarf-with-dsym";
				ENABLE_NS_ASSERTIONS = NO;
				ENABLE_STRICT_OBJC_MSGSEND = YES;
				GCC_C_LANGUAGE_STANDARD = gnu11;
				GCC_NO_COMMON_BLOCKS = YES;
				GCC_WARN_64_TO_32_BIT_CONVERSION = YES;
				GCC_WARN_ABOUT_RETURN_TYPE = YES_ERROR;
				GCC_WARN_UNDECLARED_SELECTOR = YES;
				GCC_WARN_UNINITIALIZED_AUTOS = YES_AGGRESSIVE;
				GCC_WARN_UNUSED_FUNCTION = YES;
				GCC_WARN_UNUSED_VARIABLE = YES;
				IPHONEOS_DEPLOYMENT_TARGET = 15.5;
				MTL_ENABLE_DEBUG_INFO = NO;
				MTL_FAST_MATH = YES;
				SDKROOT = iphoneos;
				SWIFT_COMPILATION_MODE = wholemodule;
				SWIFT_OPTIMIZATION_LEVEL = "-O";
				VALIDATE_PRODUCT = YES;
			};
			name = Release;
		};
		195657C428CDAC2500FF4207 /* Debug */ = {
			isa = XCBuildConfiguration;
			buildSettings = {
				ASSETCATALOG_COMPILER_APPICON_NAME = AppIcon;
				ASSETCATALOG_COMPILER_GLOBAL_ACCENT_COLOR_NAME = AccentColor;
				CODE_SIGN_STYLE = Automatic;
				CURRENT_PROJECT_VERSION = 1;
				GENERATE_INFOPLIST_FILE = YES;
				INFOPLIST_FILE = DataStorage/App/Info.plist;
				INFOPLIST_KEY_UIApplicationSupportsIndirectInputEvents = YES;
				INFOPLIST_KEY_UILaunchStoryboardName = LaunchScreen;
				INFOPLIST_KEY_UIMainStoryboardFile = Main;
				INFOPLIST_KEY_UISupportedInterfaceOrientations_iPad = "UIInterfaceOrientationPortrait UIInterfaceOrientationPortraitUpsideDown UIInterfaceOrientationLandscapeLeft UIInterfaceOrientationLandscapeRight";
				INFOPLIST_KEY_UISupportedInterfaceOrientations_iPhone = "UIInterfaceOrientationPortrait UIInterfaceOrientationLandscapeLeft UIInterfaceOrientationLandscapeRight";
				LD_RUNPATH_SEARCH_PATHS = (
					"$(inherited)",
					"@executable_path/Frameworks",
				);
				MARKETING_VERSION = 1.0;
				PRODUCT_BUNDLE_IDENTIFIER = ODN.DataStorage;
				PRODUCT_NAME = "$(TARGET_NAME)";
				SWIFT_EMIT_LOC_STRINGS = YES;
				SWIFT_VERSION = 5.0;
				TARGETED_DEVICE_FAMILY = "1,2";
			};
			name = Debug;
		};
		195657C528CDAC2500FF4207 /* Release */ = {
			isa = XCBuildConfiguration;
			buildSettings = {
				ASSETCATALOG_COMPILER_APPICON_NAME = AppIcon;
				ASSETCATALOG_COMPILER_GLOBAL_ACCENT_COLOR_NAME = AccentColor;
				CODE_SIGN_STYLE = Automatic;
				CURRENT_PROJECT_VERSION = 1;
				GENERATE_INFOPLIST_FILE = YES;
				INFOPLIST_FILE = DataStorage/App/Info.plist;
				INFOPLIST_KEY_UIApplicationSupportsIndirectInputEvents = YES;
				INFOPLIST_KEY_UILaunchStoryboardName = LaunchScreen;
				INFOPLIST_KEY_UIMainStoryboardFile = Main;
				INFOPLIST_KEY_UISupportedInterfaceOrientations_iPad = "UIInterfaceOrientationPortrait UIInterfaceOrientationPortraitUpsideDown UIInterfaceOrientationLandscapeLeft UIInterfaceOrientationLandscapeRight";
				INFOPLIST_KEY_UISupportedInterfaceOrientations_iPhone = "UIInterfaceOrientationPortrait UIInterfaceOrientationLandscapeLeft UIInterfaceOrientationLandscapeRight";
				LD_RUNPATH_SEARCH_PATHS = (
					"$(inherited)",
					"@executable_path/Frameworks",
				);
				MARKETING_VERSION = 1.0;
				PRODUCT_BUNDLE_IDENTIFIER = ODN.DataStorage;
				PRODUCT_NAME = "$(TARGET_NAME)";
				SWIFT_EMIT_LOC_STRINGS = YES;
				SWIFT_VERSION = 5.0;
				TARGETED_DEVICE_FAMILY = "1,2";
			};
			name = Release;
		};
/* End XCBuildConfiguration section */

/* Begin XCConfigurationList section */
		195657AA28CDAC2300FF4207 /* Build configuration list for PBXProject "DataStorage" */ = {
			isa = XCConfigurationList;
			buildConfigurations = (
				195657C128CDAC2500FF4207 /* Debug */,
				195657C228CDAC2500FF4207 /* Release */,
			);
			defaultConfigurationIsVisible = 0;
			defaultConfigurationName = Release;
		};
		195657C328CDAC2500FF4207 /* Build configuration list for PBXNativeTarget "DataStorage" */ = {
			isa = XCConfigurationList;
			buildConfigurations = (
				195657C428CDAC2500FF4207 /* Debug */,
				195657C528CDAC2500FF4207 /* Release */,
			);
			defaultConfigurationIsVisible = 0;
			defaultConfigurationName = Release;
		};
/* End XCConfigurationList section */

/* Begin XCVersionGroup section */
		195657E528CEDAB900FF4207 /* TaskLiskCoreData.xcdatamodeld */ = {
			isa = XCVersionGroup;
			children = (
				195657E628CEDAB900FF4207 /* TaskLiskCoreData.xcdatamodel */,
			);
			currentVersion = 195657E628CEDAB900FF4207 /* TaskLiskCoreData.xcdatamodel */;
			path = TaskLiskCoreData.xcdatamodeld;
			sourceTree = "<group>";
			versionGroupType = wrapper.xcdatamodel;
		};
/* End XCVersionGroup section */
	};
	rootObject = 195657A728CDAC2300FF4207 /* Project object */;
}
